<?xml version="1.0" encoding="utf-8"?>
<Project ToolsVersion="4.0" xmlns="http://schemas.microsoft.com/developer/msbuild/2003">
  <ItemGroup>
    <Filter Include="源文件">
      <UniqueIdentifier>{4FC737F1-C7A5-4376-A066-2A32D752A2FF}</UniqueIdentifier>
      <Extensions>cpp;c;cc;cxx;c++;cppm;ixx;def;odl;idl;hpj;bat;asm;asmx</Extensions>
    </Filter>
    <Filter Include="头文件">
      <UniqueIdentifier>{93995380-89BD-4b04-88EB-625FBE52EBFB}</UniqueIdentifier>
      <Extensions>h;hh;hpp;hxx;h++;hm;inl;inc;ipp;xsd</Extensions>
    </Filter>
    <Filter Include="资源文件">
      <UniqueIdentifier>{67DA6AB6-F800-4c08-8B7A-83BB121AAD01}</UniqueIdentifier>
      <Extensions>rc;ico;cur;bmp;dlg;rc2;rct;bin;rgs;gif;jpg;jpeg;jpe;resx;tiff;tif;png;wav;mfcribbon-ms</Extensions>
    </Filter>
    <Filter Include="源文件\CLI">
      <UniqueIdentifier>{3022a833-ab33-4633-baa6-d443e6a1480a}</UniqueIdentifier>
    </Filter>
    <Filter Include="源文件\FileAnalyze">
      <UniqueIdentifier>{c7d6876d-6b47-401f-8498-2cb7b97e753e}</UniqueIdentifier>
    </Filter>
    <Filter Include="源文件\Util">
      <UniqueIdentifier>{fb742311-24be-45a1-955b-2330f21a16cc}</UniqueIdentifier>
    </Filter>
  </ItemGroup>
  <ItemGroup>
    <ClCompile Include="src\core\Main.cpp">
      <Filter>源文件</Filter>
    </ClCompile>
    <ClCompile Include="src\core\cli.cpp">
      <Filter>源文件\CLI</Filter>
    </ClCompile>
    <ClCompile Include="src\core\climodule.cpp">
      <Filter>源文件\CLI</Filter>
    </ClCompile>
    <ClCompile Include="src\utils\CrashHandler.cpp">
      <Filter>源文件\FileAnalyze</Filter>
    </ClCompile>
    <ClCompile Include="src\fileRestore\FileRestore.cpp">
      <Filter>源文件\FileAnalyze</Filter>
    </ClCompile>
    <ClCompile Include="src\commands\cmd.cpp">
      <Filter>源文件\CLI</Filter>
    </ClCompile>
    <ClCompile Include="src\fileRestore\DeletedFileScanner.cpp">
      <Filter>源文件\FileAnalyze</Filter>
    </ClCompile>
    <ClCompile Include="src\utils\LocalizationManager.cpp">
      <Filter>源文件\Util</Filter>
    </ClCompile>
    <ClCompile Include="src\analysis\ImageTable.cpp">
      <Filter>源文件\FileAnalyze</Filter>
    </ClCompile>
    <ClCompile Include="src\fileRestore\MFTBatchReader.cpp">
      <Filter>源文件\FileAnalyze</Filter>
    </ClCompile>
    <ClCompile Include="src\fileRestore\MFTParser.cpp">
      <Filter>源文件\FileAnalyze</Filter>
    </ClCompile>
    <ClCompile Include="src\fileRestore\MFTReader.cpp">
      <Filter>源文件\FileAnalyze</Filter>
    </ClCompile>
    <ClCompile Include="src\fileRestore\OverwriteDetectionThreadPool.cpp">
      <Filter>源文件\FileAnalyze</Filter>
    </ClCompile>
    <ClCompile Include="src\fileRestore\OverwriteDetector.cpp">
      <Filter>源文件\FileAnalyze</Filter>
    </ClCompile>
    <ClCompile Include="src\fileRestore\PathResolver.cpp">
      <Filter>源文件\FileAnalyze</Filter>
    </ClCompile>
    <ClCompile Include="src\utils\ProgressBar.cpp">
      <Filter>源文件\Util</Filter>
    </ClCompile>
    <ClCompile Include="src\fileRestore\UsnJournalReader.cpp">
      <Filter>源文件\FileAnalyze</Filter>
    </ClCompile>
    <ClCompile Include="src\utils\Logger.cpp">
      <Filter>源文件\Util</Filter>
    </ClCompile>
    <ClCompile Include="src\fileRestore\FileCarver.cpp">
      <Filter>源文件\FileAnalyze</Filter>
    </ClCompile>
  </ItemGroup>
  <ItemGroup>
    <ClInclude Include="src\core\cli.h">
      <Filter>头文件</Filter>
    </ClInclude>
    <ClInclude Include="src\core\climodule.h">
      <Filter>头文件</Filter>
    </ClInclude>
    <ClInclude Include="src\commands\cmd.h">
      <Filter>头文件</Filter>
    </ClInclude>
    <ClInclude Include="src\utils\CrashHandler.h">
      <Filter>头文件</Filter>
    </ClInclude>
    <ClInclude Include="src\fileRestore\DeletedFileScanner.h">
      <Filter>头文件</Filter>
    </ClInclude>
    <ClInclude Include="src\fileRestore\FileRestore.h">
      <Filter>头文件</Filter>
    </ClInclude>
    <ClInclude Include="src\analysis\ImageTable.h">
      <Filter>头文件</Filter>
    </ClInclude>
    <ClInclude Include="src\utils\LocalizationManager.h">
      <Filter>头文件</Filter>
    </ClInclude>
    <ClInclude Include="src\utils\Logger.h">
      <Filter>头文件</Filter>
    </ClInclude>
    <ClInclude Include="src\fileRestore\MFTBatchReader.h">
      <Filter>头文件</Filter>
    </ClInclude>
    <ClInclude Include="src\fileRestore\MFTParser.h">
      <Filter>头文件</Filter>
    </ClInclude>
    <ClInclude Include="src\fileRestore\MFTReader.h">
      <Filter>头文件</Filter>
    </ClInclude>
    <ClInclude Include="src\fileRestore\MFTStructures.h">
      <Filter>头文件</Filter>
    </ClInclude>
    <ClInclude Include="src\fileRestore\OverwriteDetectionThreadPool.h">
      <Filter>头文件</Filter>
    </ClInclude>
    <ClInclude Include="src\fileRestore\OverwriteDetector.h">
      <Filter>头文件</Filter>
    </ClInclude>
    <ClInclude Include="src\fileRestore\PathResolver.h">
      <Filter>头文件</Filter>
    </ClInclude>
    <ClInclude Include="src\utils\ProgressBar.h">
      <Filter>头文件</Filter>
    </ClInclude>
    <ClInclude Include="src\fileRestore\UsnJournalReader.h">
      <Filter>头文件</Filter>
    </ClInclude>
    <ClInclude Include="src\commands\CommandMacros.h">
      <Filter>头文件</Filter>
    </ClInclude>
    <ClInclude Include="src\fileRestore\FileCarver.h">
      <Filter>头文件</Filter>
    </ClInclude>
  </ItemGroup>
</Project>