
Microsoft Visual Studio Solution File, Format Version 12.00
# Visual Studio Version 17
VisualStudioVersion = 17.14.36811.4 d17.14
MinimumVisualStudioVersion = 10.0.40219.1
Project("{8BC9CEB8-8B4A-11D0-8D11-00A0C91BC942}") = "Filerestore_sys", "Filerestore_sys\Filerestore_sys.vcxproj", "{4E97BA7A-9203-3699-D57F-5596CAD720A0}"
EndProject
Global
	GlobalSection(SolutionConfigurationPlatforms) = preSolution
		Debug|ARM64 = Debug|ARM64
		Debug|x64 = Debug|x64
		Release|ARM64 = Release|ARM64
		Release|x64 = Release|x64
	EndGlobalSection
	GlobalSection(ProjectConfigurationPlatforms) = postSolution
		{4E97BA7A-9203-3699-D57F-5596CAD720A0}.Debug|ARM64.ActiveCfg = Debug|ARM64
		{4E97BA7A-9203-3699-D57F-5596CAD720A0}.Debug|ARM64.Build.0 = Debug|ARM64
		{4E97BA7A-9203-3699-D57F-5596CAD720A0}.Debug|ARM64.Deploy.0 = Debug|ARM64
		{4E97BA7A-9203-3699-D57F-5596CAD720A0}.Debug|x64.ActiveCfg = Debug|x64
		{4E97BA7A-9203-3699-D57F-5596CAD720A0}.Debug|x64.Build.0 = Debug|x64
		{4E97BA7A-9203-3699-D57F-5596CAD720A0}.Debug|x64.Deploy.0 = Debug|x64
		{4E97BA7A-9203-3699-D57F-5596CAD720A0}.Release|ARM64.ActiveCfg = Release|ARM64
		{4E97BA7A-9203-3699-D57F-5596CAD720A0}.Release|ARM64.Build.0 = Release|ARM64
		{4E97BA7A-9203-3699-D57F-5596CAD720A0}.Release|ARM64.Deploy.0 = Release|ARM64
		{4E97BA7A-9203-3699-D57F-5596CAD720A0}.Release|x64.ActiveCfg = Release|x64
		{4E97BA7A-9203-3699-D57F-5596CAD720A0}.Release|x64.Build.0 = Release|x64
		{4E97BA7A-9203-3699-D57F-5596CAD720A0}.Release|x64.Deploy.0 = Release|x64
	EndGlobalSection
	GlobalSection(SolutionProperties) = preSolution
		HideSolutionNode = FALSE
	EndGlobalSection
	GlobalSection(ExtensibilityGlobals) = postSolution
		SolutionGuid = {C73C08B3-4928-41BE-980A-DC28CB001DD0}
	EndGlobalSection
EndGlobal
